
Microsoft Visual Studio Solution File, Format Version 12.00
# Visual Studio Version 17
VisualStudioVersion = 17.4.33213.308
MinimumVisualStudioVersion = 10.0.40219.1
Project("{9A19103F-16F7-4668-BE54-9A1E7A4F7556}") = "Tasks", "Tasks\Tasks.csproj", "{ACFF0852-39A1-44B8-811D-E28AC41B56E0}"
EndProject
Project("{9A19103F-16F7-4668-BE54-9A1E7A4F7556}") = "Tasks.Domain", "Tasks.Domain\Tasks.Domain.csproj", "{67D5E2D8-C2EA-491C-AEE8-35876A7A6F34}"
EndProject
Project("{9A19103F-16F7-4668-BE54-9A1E7A4F7556}") = "Tasks.Infraestructure", "Tasks.Infraestructure\Tasks.Infraestructure.csproj", "{C45E6568-270B-4AC5-962A-3C21D33569F5}"
EndProject
Project("{9A19103F-16F7-4668-BE54-9A1E7A4F7556}") = "Tasks.Services", "Tasks.Services\Tasks.Services.csproj", "{64753630-97E5-4E2E-B24C-82CCDC9C9B14}"
EndProject
Project("{9A19103F-16F7-4668-BE54-9A1E7A4F7556}") = "Tasks.IoC", "Task.IoC\Tasks.IoC.csproj", "{E6495619-359C-4A2D-A795-8010009B7BD8}"
EndProject
Project("{9A19103F-16F7-4668-BE54-9A1E7A4F7556}") = "Tasks.Tests", "Task.Tests\Tasks.Tests.csproj", "{72FAD5C0-6EC5-48F4-8F5E-94CC7097BC9F}"
EndProject
Project("{9A19103F-16F7-4668-BE54-9A1E7A4F7556}") = "Tasks.Handler", "Task.Handler\Tasks.Handler.csproj", "{72668000-44CF-4BD7-9717-52E63C403E54}"
EndProject
Global
	GlobalSection(SolutionConfigurationPlatforms) = preSolution
		Debug|Any CPU = Debug|Any CPU
		Release|Any CPU = Release|Any CPU
	EndGlobalSection
	GlobalSection(ProjectConfigurationPlatforms) = postSolution
		{ACFF0852-39A1-44B8-811D-E28AC41B56E0}.Debug|Any CPU.ActiveCfg = Debug|Any CPU
		{ACFF0852-39A1-44B8-811D-E28AC41B56E0}.Debug|Any CPU.Build.0 = Debug|Any CPU
		{ACFF0852-39A1-44B8-811D-E28AC41B56E0}.Release|Any CPU.ActiveCfg = Release|Any CPU
		{ACFF0852-39A1-44B8-811D-E28AC41B56E0}.Release|Any CPU.Build.0 = Release|Any CPU
		{67D5E2D8-C2EA-491C-AEE8-35876A7A6F34}.Debug|Any CPU.ActiveCfg = Debug|Any CPU
		{67D5E2D8-C2EA-491C-AEE8-35876A7A6F34}.Debug|Any CPU.Build.0 = Debug|Any CPU
		{67D5E2D8-C2EA-491C-AEE8-35876A7A6F34}.Release|Any CPU.ActiveCfg = Release|Any CPU
		{67D5E2D8-C2EA-491C-AEE8-35876A7A6F34}.Release|Any CPU.Build.0 = Release|Any CPU
		{C45E6568-270B-4AC5-962A-3C21D33569F5}.Debug|Any CPU.ActiveCfg = Debug|Any CPU
		{C45E6568-270B-4AC5-962A-3C21D33569F5}.Debug|Any CPU.Build.0 = Debug|Any CPU
		{C45E6568-270B-4AC5-962A-3C21D33569F5}.Release|Any CPU.ActiveCfg = Release|Any CPU
		{C45E6568-270B-4AC5-962A-3C21D33569F5}.Release|Any CPU.Build.0 = Release|Any CPU
		{64753630-97E5-4E2E-B24C-82CCDC9C9B14}.Debug|Any CPU.ActiveCfg = Debug|Any CPU
		{64753630-97E5-4E2E-B24C-82CCDC9C9B14}.Debug|Any CPU.Build.0 = Debug|Any CPU
		{64753630-97E5-4E2E-B24C-82CCDC9C9B14}.Release|Any CPU.ActiveCfg = Release|Any CPU
		{64753630-97E5-4E2E-B24C-82CCDC9C9B14}.Release|Any CPU.Build.0 = Release|Any CPU
		{E6495619-359C-4A2D-A795-8010009B7BD8}.Debug|Any CPU.ActiveCfg = Debug|Any CPU
		{E6495619-359C-4A2D-A795-8010009B7BD8}.Debug|Any CPU.Build.0 = Debug|Any CPU
		{E6495619-359C-4A2D-A795-8010009B7BD8}.Release|Any CPU.ActiveCfg = Release|Any CPU
		{E6495619-359C-4A2D-A795-8010009B7BD8}.Release|Any CPU.Build.0 = Release|Any CPU
		{72FAD5C0-6EC5-48F4-8F5E-94CC7097BC9F}.Debug|Any CPU.ActiveCfg = Debug|Any CPU
		{72FAD5C0-6EC5-48F4-8F5E-94CC7097BC9F}.Debug|Any CPU.Build.0 = Debug|Any CPU
		{72FAD5C0-6EC5-48F4-8F5E-94CC7097BC9F}.Release|Any CPU.ActiveCfg = Release|Any CPU
		{72FAD5C0-6EC5-48F4-8F5E-94CC7097BC9F}.Release|Any CPU.Build.0 = Release|Any CPU
		{72668000-44CF-4BD7-9717-52E63C403E54}.Debug|Any CPU.ActiveCfg = Debug|Any CPU
		{72668000-44CF-4BD7-9717-52E63C403E54}.Debug|Any CPU.Build.0 = Debug|Any CPU
		{72668000-44CF-4BD7-9717-52E63C403E54}.Release|Any CPU.ActiveCfg = Release|Any CPU
		{72668000-44CF-4BD7-9717-52E63C403E54}.Release|Any CPU.Build.0 = Release|Any CPU
	EndGlobalSection
	GlobalSection(SolutionProperties) = preSolution
		HideSolutionNode = FALSE
	EndGlobalSection
	GlobalSection(ExtensibilityGlobals) = postSolution
		SolutionGuid = {3AFFC72A-521B-479F-8638-7C811CACDA7D}
	EndGlobalSection
EndGlobal
